
Microsoft Visual Studio Solution File, Format Version 12.00
# Visual Studio Version 17
VisualStudioVersion = 17.2.32602.215
MinimumVisualStudioVersion = 10.0.40219.1
Project("{9A19103F-16F7-4668-BE54-9A1E7A4F7556}") = "EncarteMobile", "EncarteMobile\EncarteMobile.csproj", "{22EC2B97-65D4-477E-9393-69BD9134911F}"
EndProject
Project("{2150E333-8FDC-42A3-9474-1A3956D46DE8}") = "1-Web", "1-Web", "{3CF3AF78-905D-4D42-9120-BC9A42732AA2}"
EndProject
Project("{2150E333-8FDC-42A3-9474-1A3956D46DE8}") = "2-Application", "2-Application", "{FF6C8350-83FB-44B9-9CBC-A9DBC5C35225}"
EndProject
Project("{2150E333-8FDC-42A3-9474-1A3956D46DE8}") = "3-Domain", "3-Domain", "{8A405F1F-D906-4152-A7E1-AE1F164FD80E}"
EndProject
Project("{2150E333-8FDC-42A3-9474-1A3956D46DE8}") = "4-Infra", "4-Infra", "{C3E99F96-1EBA-4A25-86B0-97C527BFD090}"
EndProject
Project("{FAE04EC0-301F-11D3-BF4B-00C04F79EFBC}") = "EncarteMobile.Application", "EncarteMobile.Application\EncarteMobile.Application.csproj", "{4E0C4329-3E10-4DDB-8AC1-9D3303787577}"
EndProject
Project("{FAE04EC0-301F-11D3-BF4B-00C04F79EFBC}") = "EncarteMobile.Domain", "EncarteMobile.Domain\EncarteMobile.Domain.csproj", "{6AA420D5-7E99-4930-A7B1-DB26B3C67216}"
EndProject
Project("{2150E333-8FDC-42A3-9474-1A3956D46DE8}") = "4.1-Data", "4.1-Data", "{4E1C3562-407B-4F0E-865B-A5ED935D90D5}"
EndProject
Project("{2150E333-8FDC-42A3-9474-1A3956D46DE8}") = "4.2-CrossCutting", "4.2-CrossCutting", "{4A8D7311-27CD-4FEA-89E8-347EC52EEA82}"
EndProject
Project("{FAE04EC0-301F-11D3-BF4B-00C04F79EFBC}") = "EncarteMobile.Data", "EncarteMobile.Data\EncarteMobile.Data.csproj", "{E120FF99-3FDB-466A-8251-4379F10768D1}"
EndProject
Global
	GlobalSection(SolutionConfigurationPlatforms) = preSolution
		Debug|Any CPU = Debug|Any CPU
		Release|Any CPU = Release|Any CPU
	EndGlobalSection
	GlobalSection(ProjectConfigurationPlatforms) = postSolution
		{22EC2B97-65D4-477E-9393-69BD9134911F}.Debug|Any CPU.ActiveCfg = Debug|Any CPU
		{22EC2B97-65D4-477E-9393-69BD9134911F}.Debug|Any CPU.Build.0 = Debug|Any CPU
		{22EC2B97-65D4-477E-9393-69BD9134911F}.Release|Any CPU.ActiveCfg = Release|Any CPU
		{22EC2B97-65D4-477E-9393-69BD9134911F}.Release|Any CPU.Build.0 = Release|Any CPU
		{4E0C4329-3E10-4DDB-8AC1-9D3303787577}.Debug|Any CPU.ActiveCfg = Debug|Any CPU
		{4E0C4329-3E10-4DDB-8AC1-9D3303787577}.Debug|Any CPU.Build.0 = Debug|Any CPU
		{4E0C4329-3E10-4DDB-8AC1-9D3303787577}.Release|Any CPU.ActiveCfg = Release|Any CPU
		{4E0C4329-3E10-4DDB-8AC1-9D3303787577}.Release|Any CPU.Build.0 = Release|Any CPU
		{6AA420D5-7E99-4930-A7B1-DB26B3C67216}.Debug|Any CPU.ActiveCfg = Debug|Any CPU
		{6AA420D5-7E99-4930-A7B1-DB26B3C67216}.Debug|Any CPU.Build.0 = Debug|Any CPU
		{6AA420D5-7E99-4930-A7B1-DB26B3C67216}.Release|Any CPU.ActiveCfg = Release|Any CPU
		{6AA420D5-7E99-4930-A7B1-DB26B3C67216}.Release|Any CPU.Build.0 = Release|Any CPU
		{E120FF99-3FDB-466A-8251-4379F10768D1}.Debug|Any CPU.ActiveCfg = Debug|Any CPU
		{E120FF99-3FDB-466A-8251-4379F10768D1}.Debug|Any CPU.Build.0 = Debug|Any CPU
		{E120FF99-3FDB-466A-8251-4379F10768D1}.Release|Any CPU.ActiveCfg = Release|Any CPU
		{E120FF99-3FDB-466A-8251-4379F10768D1}.Release|Any CPU.Build.0 = Release|Any CPU
	EndGlobalSection
	GlobalSection(SolutionProperties) = preSolution
		HideSolutionNode = FALSE
	EndGlobalSection
	GlobalSection(NestedProjects) = preSolution
		{22EC2B97-65D4-477E-9393-69BD9134911F} = {3CF3AF78-905D-4D42-9120-BC9A42732AA2}
		{4E0C4329-3E10-4DDB-8AC1-9D3303787577} = {FF6C8350-83FB-44B9-9CBC-A9DBC5C35225}
		{6AA420D5-7E99-4930-A7B1-DB26B3C67216} = {8A405F1F-D906-4152-A7E1-AE1F164FD80E}
		{4E1C3562-407B-4F0E-865B-A5ED935D90D5} = {C3E99F96-1EBA-4A25-86B0-97C527BFD090}
		{4A8D7311-27CD-4FEA-89E8-347EC52EEA82} = {C3E99F96-1EBA-4A25-86B0-97C527BFD090}
		{E120FF99-3FDB-466A-8251-4379F10768D1} = {4E1C3562-407B-4F0E-865B-A5ED935D90D5}
	EndGlobalSection
	GlobalSection(ExtensibilityGlobals) = postSolution
		SolutionGuid = {2C22279B-E741-4DEC-BC80-617EA2CB18AA}
	EndGlobalSection
EndGlobal
